
Microsoft Visual Studio Solution File, Format Version 12.00
# Visual Studio Version 17
VisualStudioVersion = 17.14.36221.1 d17.14
MinimumVisualStudioVersion = 10.0.40219.1
Project("{FAE04EC0-301F-11D3-BF4B-00C04F79EFBC}") = "Debugging", "Debugging.csproj", "{13F06E51-19CA-437A-BE7A-87D3AB79486B}"
EndProject
Global
	GlobalSection(SolutionConfigurationPlatforms) = preSolution
		Debug|Any CPU = Debug|Any CPU
		Release|Any CPU = Release|Any CPU
	EndGlobalSection
	GlobalSection(ProjectConfigurationPlatforms) = postSolution
		{13F06E51-19CA-437A-BE7A-87D3AB79486B}.Debug|Any CPU.ActiveCfg = Debug|Any CPU
		{13F06E51-19CA-437A-BE7A-87D3AB79486B}.Debug|Any CPU.Build.0 = Debug|Any CPU
		{13F06E51-19CA-437A-BE7A-87D3AB79486B}.Release|Any CPU.ActiveCfg = Release|Any CPU
		{13F06E51-19CA-437A-BE7A-87D3AB79486B}.Release|Any CPU.Build.0 = Release|Any CPU
	EndGlobalSection
	GlobalSection(SolutionProperties) = preSolution
		HideSolutionNode = FALSE
	EndGlobalSection
	GlobalSection(ExtensibilityGlobals) = postSolution
		SolutionGuid = {5BA45976-A4E1-4638-A687-308AA2E035F3}
	EndGlobalSection
EndGlobal
