
Microsoft Visual Studio Solution File, Format Version 12.00
# Visual Studio Version 17
VisualStudioVersion = 17.14.36221.1 d17.14
MinimumVisualStudioVersion = 10.0.40219.1
Project("{FAE04EC0-301F-11D3-BF4B-00C04F79EFBC}") = "Types", "Types.csproj", "{120B7256-8DF2-4DA8-A326-E8268D2D33AB}"
EndProject
Global
	GlobalSection(SolutionConfigurationPlatforms) = preSolution
		Debug|Any CPU = Debug|Any CPU
		Release|Any CPU = Release|Any CPU
	EndGlobalSection
	GlobalSection(ProjectConfigurationPlatforms) = postSolution
		{120B7256-8DF2-4DA8-A326-E8268D2D33AB}.Debug|Any CPU.ActiveCfg = Debug|Any CPU
		{120B7256-8DF2-4DA8-A326-E8268D2D33AB}.Debug|Any CPU.Build.0 = Debug|Any CPU
		{120B7256-8DF2-4DA8-A326-E8268D2D33AB}.Release|Any CPU.ActiveCfg = Release|Any CPU
		{120B7256-8DF2-4DA8-A326-E8268D2D33AB}.Release|Any CPU.Build.0 = Release|Any CPU
	EndGlobalSection
	GlobalSection(SolutionProperties) = preSolution
		HideSolutionNode = FALSE
	EndGlobalSection
	GlobalSection(ExtensibilityGlobals) = postSolution
		SolutionGuid = {AAE7A4CE-0EDA-425D-8A05-92C7C9A04ABA}
	EndGlobalSection
EndGlobal
