
Microsoft Visual Studio Solution File, Format Version 12.00
# Visual Studio Version 17
VisualStudioVersion = 17.14.36221.1
MinimumVisualStudioVersion = 10.0.40219.1
Project("{FAE04EC0-301F-11D3-BF4B-00C04F79EFBC}") = "PacktLibraryNet2", "PacktLibraryNet2.csproj", "{F72ADA4C-58FA-4F43-84F7-D26625DB5172}"
EndProject
Project("{FAE04EC0-301F-11D3-BF4B-00C04F79EFBC}") = "PeopleApp", "..\PeopleApp\PeopleApp.csproj", "{60657822-E023-4497-9A98-869AEF244D1D}"
EndProject
Project("{FAE04EC0-301F-11D3-BF4B-00C04F79EFBC}") = "PacktLibraryModern", "..\PacktLibraryModern\PacktLibraryModern.csproj", "{FAEAF32E-FD0E-40B4-A1E6-14480BF023AB}"
EndProject
Global
	GlobalSection(SolutionConfigurationPlatforms) = preSolution
		Debug|Any CPU = Debug|Any CPU
		Release|Any CPU = Release|Any CPU
	EndGlobalSection
	GlobalSection(ProjectConfigurationPlatforms) = postSolution
		{F72ADA4C-58FA-4F43-84F7-D26625DB5172}.Debug|Any CPU.ActiveCfg = Debug|Any CPU
		{F72ADA4C-58FA-4F43-84F7-D26625DB5172}.Debug|Any CPU.Build.0 = Debug|Any CPU
		{F72ADA4C-58FA-4F43-84F7-D26625DB5172}.Release|Any CPU.ActiveCfg = Release|Any CPU
		{F72ADA4C-58FA-4F43-84F7-D26625DB5172}.Release|Any CPU.Build.0 = Release|Any CPU
		{60657822-E023-4497-9A98-869AEF244D1D}.Debug|Any CPU.ActiveCfg = Debug|Any CPU
		{60657822-E023-4497-9A98-869AEF244D1D}.Debug|Any CPU.Build.0 = Debug|Any CPU
		{60657822-E023-4497-9A98-869AEF244D1D}.Release|Any CPU.ActiveCfg = Release|Any CPU
		{60657822-E023-4497-9A98-869AEF244D1D}.Release|Any CPU.Build.0 = Release|Any CPU
		{FAEAF32E-FD0E-40B4-A1E6-14480BF023AB}.Debug|Any CPU.ActiveCfg = Debug|Any CPU
		{FAEAF32E-FD0E-40B4-A1E6-14480BF023AB}.Debug|Any CPU.Build.0 = Debug|Any CPU
		{FAEAF32E-FD0E-40B4-A1E6-14480BF023AB}.Release|Any CPU.ActiveCfg = Release|Any CPU
		{FAEAF32E-FD0E-40B4-A1E6-14480BF023AB}.Release|Any CPU.Build.0 = Release|Any CPU
	EndGlobalSection
	GlobalSection(SolutionProperties) = preSolution
		HideSolutionNode = FALSE
	EndGlobalSection
	GlobalSection(ExtensibilityGlobals) = postSolution
		SolutionGuid = {B536CC5B-22D9-4852-BAE6-33CA0D7307AD}
	EndGlobalSection
EndGlobal
