
Microsoft Visual Studio Solution File, Format Version 12.00
# Visual Studio Version 17
VisualStudioVersion = 17.14.36221.1 d17.14
MinimumVisualStudioVersion = 10.0.40219.1
Project("{FAE04EC0-301F-11D3-BF4B-00C04F79EFBC}") = "Instrumenting", "Instrumenting.csproj", "{6884176B-F472-46F1-880C-A45602BA46B1}"
EndProject
Global
	GlobalSection(SolutionConfigurationPlatforms) = preSolution
		Debug|Any CPU = Debug|Any CPU
		Release|Any CPU = Release|Any CPU
	EndGlobalSection
	GlobalSection(ProjectConfigurationPlatforms) = postSolution
		{6884176B-F472-46F1-880C-A45602BA46B1}.Debug|Any CPU.ActiveCfg = Debug|Any CPU
		{6884176B-F472-46F1-880C-A45602BA46B1}.Debug|Any CPU.Build.0 = Debug|Any CPU
		{6884176B-F472-46F1-880C-A45602BA46B1}.Release|Any CPU.ActiveCfg = Release|Any CPU
		{6884176B-F472-46F1-880C-A45602BA46B1}.Release|Any CPU.Build.0 = Release|Any CPU
	EndGlobalSection
	GlobalSection(SolutionProperties) = preSolution
		HideSolutionNode = FALSE
	EndGlobalSection
	GlobalSection(ExtensibilityGlobals) = postSolution
		SolutionGuid = {B3321C12-1091-405D-94F5-2EE45F5F9D22}
	EndGlobalSection
EndGlobal
