
Microsoft Visual Studio Solution File, Format Version 12.00
# Visual Studio Version 17
VisualStudioVersion = 17.14.36221.1 d17.14
MinimumVisualStudioVersion = 10.0.40219.1
Project("{FAE04EC0-301F-11D3-BF4B-00C04F79EFBC}") = "Exercise_Numbers", "Exercise_Numbers.csproj", "{2A3285EC-C4B0-4BE9-950E-46EEBC7EA916}"
EndProject
Global
	GlobalSection(SolutionConfigurationPlatforms) = preSolution
		Debug|Any CPU = Debug|Any CPU
		Release|Any CPU = Release|Any CPU
	EndGlobalSection
	GlobalSection(ProjectConfigurationPlatforms) = postSolution
		{2A3285EC-C4B0-4BE9-950E-46EEBC7EA916}.Debug|Any CPU.ActiveCfg = Debug|Any CPU
		{2A3285EC-C4B0-4BE9-950E-46EEBC7EA916}.Debug|Any CPU.Build.0 = Debug|Any CPU
		{2A3285EC-C4B0-4BE9-950E-46EEBC7EA916}.Release|Any CPU.ActiveCfg = Release|Any CPU
		{2A3285EC-C4B0-4BE9-950E-46EEBC7EA916}.Release|Any CPU.Build.0 = Release|Any CPU
	EndGlobalSection
	GlobalSection(SolutionProperties) = preSolution
		HideSolutionNode = FALSE
	EndGlobalSection
	GlobalSection(ExtensibilityGlobals) = postSolution
		SolutionGuid = {CA1142AA-E850-49AA-B557-E875FBC2D1F8}
	EndGlobalSection
EndGlobal
