
Microsoft Visual Studio Solution File, Format Version 12.00
# Visual Studio Version 17
VisualStudioVersion = 17.14.36603.0 d17.14
MinimumVisualStudioVersion = 10.0.40219.1
Project("{FAE04EC0-301F-11D3-BF4B-00C04F79EFBC}") = "SourceLink", "SourceLink.csproj", "{C3F9B2CF-9D92-4E15-BC6C-9AFEE0411DF4}"
EndProject
Global
	GlobalSection(SolutionConfigurationPlatforms) = preSolution
		Debug|Any CPU = Debug|Any CPU
		Release|Any CPU = Release|Any CPU
	EndGlobalSection
	GlobalSection(ProjectConfigurationPlatforms) = postSolution
		{C3F9B2CF-9D92-4E15-BC6C-9AFEE0411DF4}.Debug|Any CPU.ActiveCfg = Debug|Any CPU
		{C3F9B2CF-9D92-4E15-BC6C-9AFEE0411DF4}.Debug|Any CPU.Build.0 = Debug|Any CPU
		{C3F9B2CF-9D92-4E15-BC6C-9AFEE0411DF4}.Release|Any CPU.ActiveCfg = Release|Any CPU
		{C3F9B2CF-9D92-4E15-BC6C-9AFEE0411DF4}.Release|Any CPU.Build.0 = Release|Any CPU
	EndGlobalSection
	GlobalSection(SolutionProperties) = preSolution
		HideSolutionNode = FALSE
	EndGlobalSection
	GlobalSection(ExtensibilityGlobals) = postSolution
		SolutionGuid = {1D31C010-2E04-4C89-8020-249052F318CB}
	EndGlobalSection
EndGlobal
