
Microsoft Visual Studio Solution File, Format Version 12.00
# Visual Studio Version 17
VisualStudioVersion = 17.14.36221.1 d17.14
MinimumVisualStudioVersion = 10.0.40219.1
Project("{FAE04EC0-301F-11D3-BF4B-00C04F79EFBC}") = "CastingConverting", "CastingConverting.csproj", "{D5B4CD90-3D2D-4C92-951C-E096B5D1FD78}"
EndProject
Global
	GlobalSection(SolutionConfigurationPlatforms) = preSolution
		Debug|Any CPU = Debug|Any CPU
		Release|Any CPU = Release|Any CPU
	EndGlobalSection
	GlobalSection(ProjectConfigurationPlatforms) = postSolution
		{D5B4CD90-3D2D-4C92-951C-E096B5D1FD78}.Debug|Any CPU.ActiveCfg = Debug|Any CPU
		{D5B4CD90-3D2D-4C92-951C-E096B5D1FD78}.Debug|Any CPU.Build.0 = Debug|Any CPU
		{D5B4CD90-3D2D-4C92-951C-E096B5D1FD78}.Release|Any CPU.ActiveCfg = Release|Any CPU
		{D5B4CD90-3D2D-4C92-951C-E096B5D1FD78}.Release|Any CPU.Build.0 = Release|Any CPU
	EndGlobalSection
	GlobalSection(SolutionProperties) = preSolution
		HideSolutionNode = FALSE
	EndGlobalSection
	GlobalSection(ExtensibilityGlobals) = postSolution
		SolutionGuid = {3BB8924D-198F-466C-B658-1DAFBC0DFF72}
	EndGlobalSection
EndGlobal
