
Microsoft Visual Studio Solution File, Format Version 12.00
# Visual Studio Version 17
VisualStudioVersion = 17.14.36414.22 d17.14
MinimumVisualStudioVersion = 10.0.40219.1
Project("{FAE04EC0-301F-11D3-BF4B-00C04F79EFBC}") = "PacktLibrary", "PacktLibrary.csproj", "{D219EF76-C086-490F-847C-4A7FBFB71E02}"
EndProject
Project("{FAE04EC0-301F-11D3-BF4B-00C04F79EFBC}") = "PeopleApp", "..\PeopleApp\PeopleApp.csproj", "{CCFEB98A-2319-4790-B935-19094AA6B32F}"
EndProject
Global
	GlobalSection(SolutionConfigurationPlatforms) = preSolution
		Debug|Any CPU = Debug|Any CPU
		Release|Any CPU = Release|Any CPU
	EndGlobalSection
	GlobalSection(ProjectConfigurationPlatforms) = postSolution
		{D219EF76-C086-490F-847C-4A7FBFB71E02}.Debug|Any CPU.ActiveCfg = Debug|Any CPU
		{D219EF76-C086-490F-847C-4A7FBFB71E02}.Debug|Any CPU.Build.0 = Debug|Any CPU
		{D219EF76-C086-490F-847C-4A7FBFB71E02}.Release|Any CPU.ActiveCfg = Release|Any CPU
		{D219EF76-C086-490F-847C-4A7FBFB71E02}.Release|Any CPU.Build.0 = Release|Any CPU
		{CCFEB98A-2319-4790-B935-19094AA6B32F}.Debug|Any CPU.ActiveCfg = Debug|Any CPU
		{CCFEB98A-2319-4790-B935-19094AA6B32F}.Debug|Any CPU.Build.0 = Debug|Any CPU
		{CCFEB98A-2319-4790-B935-19094AA6B32F}.Release|Any CPU.ActiveCfg = Release|Any CPU
		{CCFEB98A-2319-4790-B935-19094AA6B32F}.Release|Any CPU.Build.0 = Release|Any CPU
	EndGlobalSection
	GlobalSection(SolutionProperties) = preSolution
		HideSolutionNode = FALSE
	EndGlobalSection
	GlobalSection(ExtensibilityGlobals) = postSolution
		SolutionGuid = {7336317D-5CB6-41A3-B45C-4D15CCCC5350}
	EndGlobalSection
EndGlobal
