
Microsoft Visual Studio Solution File, Format Version 12.00
# Visual Studio Version 17
VisualStudioVersion = 17.14.36623.8 d17.14
MinimumVisualStudioVersion = 10.0.40219.1
Project("{FAE04EC0-301F-11D3-BF4B-00C04F79EFBC}") = "WorkingWithFileSystem", "WorkingWithFileSystem.csproj", "{16C49A56-AC1B-48B9-923C-4F7057BEE9B3}"
EndProject
Global
	GlobalSection(SolutionConfigurationPlatforms) = preSolution
		Debug|Any CPU = Debug|Any CPU
		Release|Any CPU = Release|Any CPU
	EndGlobalSection
	GlobalSection(ProjectConfigurationPlatforms) = postSolution
		{16C49A56-AC1B-48B9-923C-4F7057BEE9B3}.Debug|Any CPU.ActiveCfg = Debug|Any CPU
		{16C49A56-AC1B-48B9-923C-4F7057BEE9B3}.Debug|Any CPU.Build.0 = Debug|Any CPU
		{16C49A56-AC1B-48B9-923C-4F7057BEE9B3}.Release|Any CPU.ActiveCfg = Release|Any CPU
		{16C49A56-AC1B-48B9-923C-4F7057BEE9B3}.Release|Any CPU.Build.0 = Release|Any CPU
	EndGlobalSection
	GlobalSection(SolutionProperties) = preSolution
		HideSolutionNode = FALSE
	EndGlobalSection
	GlobalSection(ExtensibilityGlobals) = postSolution
		SolutionGuid = {608EDAB2-CB82-4D16-9123-4591CA9846D4}
	EndGlobalSection
EndGlobal
