
Microsoft Visual Studio Solution File, Format Version 12.00
# Visual Studio Version 17
VisualStudioVersion = 17.14.36221.1 d17.14
MinimumVisualStudioVersion = 10.0.40219.1
Project("{FAE04EC0-301F-11D3-BF4B-00C04F79EFBC}") = "AsyncConsole", "AsyncConsole.csproj", "{CA8C696D-99FB-4BC3-AD42-932018B0045F}"
EndProject
Global
	GlobalSection(SolutionConfigurationPlatforms) = preSolution
		Debug|Any CPU = Debug|Any CPU
		Release|Any CPU = Release|Any CPU
	EndGlobalSection
	GlobalSection(ProjectConfigurationPlatforms) = postSolution
		{CA8C696D-99FB-4BC3-AD42-932018B0045F}.Debug|Any CPU.ActiveCfg = Debug|Any CPU
		{CA8C696D-99FB-4BC3-AD42-932018B0045F}.Debug|Any CPU.Build.0 = Debug|Any CPU
		{CA8C696D-99FB-4BC3-AD42-932018B0045F}.Release|Any CPU.ActiveCfg = Release|Any CPU
		{CA8C696D-99FB-4BC3-AD42-932018B0045F}.Release|Any CPU.Build.0 = Release|Any CPU
	EndGlobalSection
	GlobalSection(SolutionProperties) = preSolution
		HideSolutionNode = FALSE
	EndGlobalSection
	GlobalSection(ExtensibilityGlobals) = postSolution
		SolutionGuid = {B0344C53-F6B0-4259-8CA8-6E7D8B94AA74}
	EndGlobalSection
EndGlobal
